version: 2.0
shards:
  bindata:
    git: https://github.com/spider-gazelle/bindata.git
    version: 1.8.2

  jwt:
    git: https://github.com/crystal-community/jwt.git
    version: 1.5.0

  openssl_ext:
    git: https://github.com/stakach/openssl_ext.git
    version: 2.1.2

  radix:
    git: https://github.com/luislavena/radix.git
    version: 0.4.1

  router:
    git: https://github.com/tbrand/router.cr.git
    version: 0.2.7

